
Microsoft Visual Studio Solution File, Format Version 12.00
# Visual Studio Version 16
VisualStudioVersion = 16.0.31515.178
MinimumVisualStudioVersion = 10.0.40219.1
Project("{FAE04EC0-301F-11D3-BF4B-00C04F79EFBC}") = "BlacksPropertyManagement", "BlacksPropertyManagement\BlacksPropertyManagement.csproj", "{3AED5D8F-189D-4BF9-95A7-18482F57BF25}"
EndProject
Global
	GlobalSection(SolutionConfigurationPlatforms) = preSolution
		Debug|Any CPU = Debug|Any CPU
		Release|Any CPU = Release|Any CPU
	EndGlobalSection
	GlobalSection(ProjectConfigurationPlatforms) = postSolution
		{3AED5D8F-189D-4BF9-95A7-18482F57BF25}.Debug|Any CPU.ActiveCfg = Debug|Any CPU
		{3AED5D8F-189D-4BF9-95A7-18482F57BF25}.Debug|Any CPU.Build.0 = Debug|Any CPU
		{3AED5D8F-189D-4BF9-95A7-18482F57BF25}.Release|Any CPU.ActiveCfg = Release|Any CPU
		{3AED5D8F-189D-4BF9-95A7-18482F57BF25}.Release|Any CPU.Build.0 = Release|Any CPU
	EndGlobalSection
	GlobalSection(SolutionProperties) = preSolution
		HideSolutionNode = FALSE
	EndGlobalSection
	GlobalSection(ExtensibilityGlobals) = postSolution
		SolutionGuid = {3BDADBB9-D75D-4028-9B48-5889895C8FD4}
	EndGlobalSection
EndGlobal
